PODS:
  - BaseUtils (1.0.9)

DEPENDENCIES:
  - BaseUtils (from `~/Code/Pods/BaseUtils/`)

EXTERNAL SOURCES:
  BaseUtils:
    :path: ~/Code/Pods/BaseUtils/

SPEC CHECKSUMS:
  BaseUtils: 38e7345d2387ce8ed6ef60ef8e595cf60fb67481

PODFILE CHECKSUM: 8b79181638f94817a6626e7a86bd325575ecb193

COCOAPODS: 1.1.1
